<Solution>
  <Project Path="Daavaleba-6/Daavaleba-6.csproj" Id="f1d124ed-cbb3-4796-b144-c3938e2283ea" />
  <Project Path="davaleba-10/davaleba-10.csproj" Id="919ce061-8c29-43f9-92f3-f505b62e0a73" />
  <Project Path="davaleba-2/davaleba-2.csproj" />
  <Project Path="davaleba-3/davaleba-3.csproj" Id="85c96550-af83-4a28-a365-e43f6b564c7b" />
  <Project Path="davaleba-5/davaleba-5.csproj" Id="1657bf0f-45c6-491c-9613-2c7c9d28cc32" />
  <Project Path="davaleba-7/davaleba-7.csproj" Id="0a8e09c5-b003-48e0-bd5d-03a5df7c1fab" />
  <Project Path="davaleba-8/davaleba-8.csproj" Id="411fee19-5a96-426a-a20c-9f543eb4f406" />
  <Project Path="davalebaa-4/davalebaa-4.csproj" Id="ca32fa1d-75e1-4389-91b3-460a6dc7c9de" />
</Solution>
